{
  "schema_version": 1,
  "provenance_status": "resolved",
  "python": {
    "version": "3.13.14",
    "implementation": "cpython",
    "manager": "uv"
  },
  "torch": {
    "version": "2.11.0+cu129",
    "source_index": "https://download.pytorch.org/whl/cu129",
    "wheel_filename": "torch-2.11.0+cu129-cp313-cp313-manylinux_2_28_x86_64.whl",
    "wheel_url": "https://download-r2.pytorch.org/whl/cu129/torch-2.11.0%2Bcu129-cp313-cp313-manylinux_2_28_x86_64.whl",
    "wheel_sha256": "fde1830d7f79641680865759dc57780e94a9de7e68a82ed61973e9bc7af29423",
    "wheel_metadata_sha256": "debd8fd3b32d468009b0aad1da074a71f9fe5cf1d42fbf75733c56acf32fe221",
    "torch_cuda": "12.9",
    "selection_reason": "Upstream vLLM releases/v0.26.0 requires torch 2.11.0; CUDA-native Server-2/RunPod builds must use the official cu129 local-version wheel, not generic PyPI torch 2.11.0+cu130."
  },
  "vllm": {
    "url": "https://github.com/vllm-project/vllm.git",
    "branch": "releases/v0.26.0",
    "tag": "v0.26.0",
    "sha": "568afb3a13806beb53bb2e6bd518269357b237c0"
  },
  "lmcache": {
    "url": "https://github.com/Nier4Ryu/LMCache_mod.git",
    "branch": "Putpocket-v0.4.4",
    "sha": "72eb0e375bcf0739a45046433f46ee32be361656"
  }
}
