{
  "schema_version": 1,
  "provenance_status": "resolved",
  "python": {
    "version": "3.13.14",
    "implementation": "cpython",
    "manager": "uv"
  },
  "torch": {
    "version": "2.11.0",
    "source_index": "https://pypi.org/simple",
    "wheel_filename": "torch-2.11.0-cp313-cp313-manylinux_2_28_x86_64.whl",
    "wheel_url": "https://files.pythonhosted.org/packages/3d/e1/b73f7c575a4b8f87a5928f50a1e35416b5e27295d8be9397d5293e7e8d4c/torch-2.11.0-cp313-cp313-manylinux_2_28_x86_64.whl",
    "wheel_sha256": "cc89b9b173d9adfab59fd227f0ab5e5516d9a52b658ae41d64e59d2e55a418db",
    "torch_cuda": "13.0",
    "selection_reason": "Upstream vLLM releases/v0.26.0 pins torch==2.11.0 in pyproject.toml and requirements/cuda.txt; the public CPython 3.13 manylinux wheel is reproducible by URL and SHA-256."
  },
  "vllm": {
    "url": "https://github.com/vllm-project/vllm.git",
    "branch": "releases/v0.26.0",
    "tag": "v0.26.0",
    "sha": "568afb3a13806beb53bb2e6bd518269357b237c0"
  },
  "lmcache": {
    "url": "https://github.com/Nier4Ryu/LMCache_mod.git",
    "branch": "Putpocket-v0.4.4",
    "sha": "72eb0e375bcf0739a45046433f46ee32be361656"
  }
}
