schema_version: 1
environment:
  name: server2
  path: /home/dyryu/putpocket_dataset_mining/Putpocket_env
  manager: uv
  python: 3.13.14
hardware:
  profile: server2_blackwell
  cuda_home: /usr/local/cuda-12.9
  torch_cuda_arch_list: '12.0'
python_packages:
  torch: 2.10.0+cu129
  ray: 2.55.1
  datasets: 5.0.0
  transformers: 5.14.1
externals:
  vllm:
    path: /home/dyryu/putpocket_dataset_mining/externals/vllm
    exists: true
    head: b65d39ddbab966bb72110056a481d17e4726892b
    remote: https://github.com/Nier4Ryu/vllm_mod.git
    dirty: false
  lmcache:
    path: /home/dyryu/putpocket_dataset_mining/externals/lmcache
    exists: true
    head: 72eb0e375bcf0739a45046433f46ee32be361656
    remote: https://github.com/Nier4Ryu/LMCache_mod.git
    dirty: false
  cline:
    path: /home/dyryu/putpocket_dataset_mining/externals/cline
    exists: true
    head: 03f47045f338dcb6ac45b1ac1d6279a78be2b118
    remote: https://github.com/Nier4Ryu/cline_mod.git
    dirty: false
docker:
  episode_images:
  - tag: putpocket-default-python:ubuntu22.04-py313-v1
cache:
  huggingface_home: ''
build:
  max_jobs: '16'
  cmake_parallel_level: '16'
  cargo_build_jobs: '16'
  nvcc_threads: '1'
