dataset_id: FudanSELab/ClassEval
splits:
- test
imports:
- PIL
- PyPDF2
- bs4
- collections
- csv
- datetime
- decimal
- docx
- gensim
- itertools
- json
- logging
- math
- netifaces
- nltk
- numpy
- openpyxl
- os
- pandas
- random
- re
- reportlab
- socket
- sqlite3
- stat
- string
- sys
- tempfile
- time
- typing
- unittest
- urllib
- xml
- zipfile
standard_library:
- collections
- csv
- datetime
- decimal
- itertools
- json
- logging
- math
- os
- random
- re
- socket
- sqlite3
- stat
- string
- sys
- tempfile
- time
- typing
- unittest
- urllib
- xml
- zipfile
third_party:
- PIL
- PyPDF2
- bs4
- docx
- gensim
- netifaces
- nltk
- numpy
- openpyxl
- pandas
- reportlab
local_or_dataset: []
unresolved: []
unparsed_code_blocks: 3
