dataset_version: classeval_stateful_working_v0
source_dataset: classeval
hf_dataset_id: FudanSELab/ClassEval
split: test
finalized: true
final_accepted_count: 18
accepted_file: data/dataset_mining/datasets/classeval_stateful_working_v0/accepted.jsonl
accepted_sha256: 6031d368ee8359c9dfc3c7b785d5c30e4db9ae5b2969bfba3a7e09512a46b30d
allow_mining: false
canonical_source_task_ids:
  - test_ClassEval_76
  - test_ClassEval_37
  - test_ClassEval_30
  - test_ClassEval_21
  - test_ClassEval_80
  - test_ClassEval_83
  - test_ClassEval_8
  - test_ClassEval_47
  - test_ClassEval_63
  - test_ClassEval_60
  - test_ClassEval_99
  - test_ClassEval_7
  - test_ClassEval_19
  - test_ClassEval_64
  - test_ClassEval_11
  - test_ClassEval_13
  - test_ClassEval_86
  - test_ClassEval_3
notes:
  - classeval_stateful_working_v0 is complete and finalized at 18 accepted samples.
  - The former 20-sample target is retired for this dataset version.
  - Do not append, replace, retry, repair, or continue mining into this dataset version.
  - Extending ClassEval mining requires a new explicit dataset version such as classeval_stateful_working_v1.
